<?xml version="1.0" encoding="utf-8"?>
<Project ToolsVersion="4.0" xmlns="http://schemas.microsoft.com/developer/msbuild/2003">
  <ItemGroup>
    <ClCompile Include="main.cpp">
      <Filter>源文件</Filter>
    </ClCompile>
  </ItemGroup>
  <ItemGroup>
    <Filter Include="源文件">
      <UniqueIdentifier>{0C46AB0B-8412-4714-A245-2B5A5B57FC6B}</UniqueIdentifier>
      <Extensions>cpp;c;cc;cxx</Extensions>
    </Filter>
    <Filter Include="资源文件">
      <UniqueIdentifier>{A494E9A8-AF4B-4EDF-8CF4-20810891190A}</UniqueIdentifier>
      <Extensions>rc;ico;cur;bmp;dlg;rc2;rct;bin;rgs;gif;jpg;jpeg;jpe;resx</Extensions>
    </Filter>
  </ItemGroup>
  <ItemGroup>
    <ResourceCompile Include="TR2013_Assist.rc">
      <Filter>资源文件</Filter>
    </ResourceCompile>
  </ItemGroup>
</Project>
